
Microsoft Visual Studio Solution File, Format Version 12.00
Project("{FAE04EC0-301F-11D3-BF4B-00C04F79EFBC}") = "MyBlogServerSide", "MyBlogServerSide\MyBlogServerSide.csproj", "{859D4B32-55EF-4CC3-91D9-F6FD1C6A63CC}"
EndProject
Project("{FAE04EC0-301F-11D3-BF4B-00C04F79EFBC}") = "MyBlogWebAssembly", "MyBlogWebAssembly\MyBlogWebAssembly.csproj", "{101C555B-739E-4523-97FE-480F64857F63}"
EndProject
Project("{FAE04EC0-301F-11D3-BF4B-00C04F79EFBC}") = "MyBlog.Data", "MyBlog.Data\MyBlog.Data.csproj", "{7C280FB6-1000-48C1-8AA4-524208D45B24}"
EndProject
Project("{FAE04EC0-301F-11D3-BF4B-00C04F79EFBC}") = "MyBlogWebApi", "MyBlogWebApi\MyBlogWebApi.csproj", "{82C4DFFD-ED83-4467-9DBD-459BA0B80F5F}"
EndProject
Global
	GlobalSection(SolutionConfigurationPlatforms) = preSolution
		Debug|Any CPU = Debug|Any CPU
		Release|Any CPU = Release|Any CPU
	EndGlobalSection
	GlobalSection(ProjectConfigurationPlatforms) = postSolution
		{859D4B32-55EF-4CC3-91D9-F6FD1C6A63CC}.Debug|Any CPU.ActiveCfg = Debug|Any CPU
		{859D4B32-55EF-4CC3-91D9-F6FD1C6A63CC}.Debug|Any CPU.Build.0 = Debug|Any CPU
		{859D4B32-55EF-4CC3-91D9-F6FD1C6A63CC}.Release|Any CPU.ActiveCfg = Release|Any CPU
		{859D4B32-55EF-4CC3-91D9-F6FD1C6A63CC}.Release|Any CPU.Build.0 = Release|Any CPU
		{101C555B-739E-4523-97FE-480F64857F63}.Debug|Any CPU.ActiveCfg = Debug|Any CPU
		{101C555B-739E-4523-97FE-480F64857F63}.Debug|Any CPU.Build.0 = Debug|Any CPU
		{101C555B-739E-4523-97FE-480F64857F63}.Release|Any CPU.ActiveCfg = Release|Any CPU
		{101C555B-739E-4523-97FE-480F64857F63}.Release|Any CPU.Build.0 = Release|Any CPU
		{7C280FB6-1000-48C1-8AA4-524208D45B24}.Debug|Any CPU.ActiveCfg = Debug|Any CPU
		{7C280FB6-1000-48C1-8AA4-524208D45B24}.Debug|Any CPU.Build.0 = Debug|Any CPU
		{7C280FB6-1000-48C1-8AA4-524208D45B24}.Release|Any CPU.ActiveCfg = Release|Any CPU
		{7C280FB6-1000-48C1-8AA4-524208D45B24}.Release|Any CPU.Build.0 = Release|Any CPU
		{82C4DFFD-ED83-4467-9DBD-459BA0B80F5F}.Debug|Any CPU.ActiveCfg = Debug|Any CPU
		{82C4DFFD-ED83-4467-9DBD-459BA0B80F5F}.Debug|Any CPU.Build.0 = Debug|Any CPU
		{82C4DFFD-ED83-4467-9DBD-459BA0B80F5F}.Release|Any CPU.ActiveCfg = Release|Any CPU
		{82C4DFFD-ED83-4467-9DBD-459BA0B80F5F}.Release|Any CPU.Build.0 = Release|Any CPU
	EndGlobalSection
EndGlobal
